
Microsoft Visual Studio Solution File, Format Version 12.00
# Visual Studio 2013
VisualStudioVersion = 12.0.31101.0
MinimumVisualStudioVersion = 10.0.40219.1
Project("{FAE04EC0-301F-11D3-BF4B-00C04F79EFBC}") = "MeetingHelper", "MeetingHelper\MeetingHelper.csproj", "{34D7113A-57B1-4436-81B7-B6E136FCFF9A}"
EndProject
Project("{FAE04EC0-301F-11D3-BF4B-00C04F79EFBC}") = "MeetingHelper.Tests", "MeetingHelper.Tests\MeetingHelper.Tests.csproj", "{67B0ED95-CBC1-4D04-9800-57CF8481D0B8}"
EndProject
Global
	GlobalSection(SolutionConfigurationPlatforms) = preSolution
		Debug|Any CPU = Debug|Any CPU
		Release|Any CPU = Release|Any CPU
	EndGlobalSection
	GlobalSection(ProjectConfigurationPlatforms) = postSolution
		{34D7113A-57B1-4436-81B7-B6E136FCFF9A}.Debug|Any CPU.ActiveCfg = Debug|Any CPU
		{34D7113A-57B1-4436-81B7-B6E136FCFF9A}.Debug|Any CPU.Build.0 = Debug|Any CPU
		{34D7113A-57B1-4436-81B7-B6E136FCFF9A}.Release|Any CPU.ActiveCfg = Release|Any CPU
		{34D7113A-57B1-4436-81B7-B6E136FCFF9A}.Release|Any CPU.Build.0 = Release|Any CPU
		{67B0ED95-CBC1-4D04-9800-57CF8481D0B8}.Debug|Any CPU.ActiveCfg = Debug|Any CPU
		{67B0ED95-CBC1-4D04-9800-57CF8481D0B8}.Debug|Any CPU.Build.0 = Debug|Any CPU
		{67B0ED95-CBC1-4D04-9800-57CF8481D0B8}.Release|Any CPU.ActiveCfg = Release|Any CPU
		{67B0ED95-CBC1-4D04-9800-57CF8481D0B8}.Release|Any CPU.Build.0 = Release|Any CPU
	EndGlobalSection
	GlobalSection(SolutionProperties) = preSolution
		HideSolutionNode = FALSE
	EndGlobalSection
EndGlobal
